
Microsoft Visual Studio Solution File, Format Version 12.00
# Visual Studio Version 17
VisualStudioVersion = 17.9.34728.123
MinimumVisualStudioVersion = 10.0.40219.1
Project("{8BC9CEB8-8B4A-11D0-8D11-00A0C91BC942}") = "wxTest", "wxTest\wxTest.vcxproj", "{A4F2C85B-4DE1-416B-9730-C44A8807AC66}"
EndProject
Global
	GlobalSection(SolutionConfigurationPlatforms) = preSolution
		Debug|x64 = Debug|x64
		Debug|x86 = Debug|x86
		Release|x64 = Release|x64
		Release|x86 = Release|x86
	EndGlobalSection
	GlobalSection(ProjectConfigurationPlatforms) = postSolution
		{A4F2C85B-4DE1-416B-9730-C44A8807AC66}.Debug|x64.ActiveCfg = Debug|x64
		{A4F2C85B-4DE1-416B-9730-C44A8807AC66}.Debug|x64.Build.0 = Debug|x64
		{A4F2C85B-4DE1-416B-9730-C44A8807AC66}.Debug|x86.ActiveCfg = Debug|Win32
		{A4F2C85B-4DE1-416B-9730-C44A8807AC66}.Debug|x86.Build.0 = Debug|Win32
		{A4F2C85B-4DE1-416B-9730-C44A8807AC66}.Release|x64.ActiveCfg = Release|x64
		{A4F2C85B-4DE1-416B-9730-C44A8807AC66}.Release|x64.Build.0 = Release|x64
		{A4F2C85B-4DE1-416B-9730-C44A8807AC66}.Release|x86.ActiveCfg = Release|Win32
		{A4F2C85B-4DE1-416B-9730-C44A8807AC66}.Release|x86.Build.0 = Release|Win32
	EndGlobalSection
	GlobalSection(SolutionProperties) = preSolution
		HideSolutionNode = FALSE
	EndGlobalSection
	GlobalSection(ExtensibilityGlobals) = postSolution
		SolutionGuid = {F3CC31C5-395A-4516-9886-8B256DE9D732}
	EndGlobalSection
EndGlobal
